
Microsoft Visual Studio Solution File, Format Version 12.00
# Visual Studio Version 17
VisualStudioVersion = 17.11.35219.272
MinimumVisualStudioVersion = 10.0.40219.1
Project("{9A19103F-16F7-4668-BE54-9A1E7A4F7556}") = "Dovs.WordPressAutoKit", "Dovs.WordPressAutoKit\Dovs.WordPressAutoKit.csproj", "{848690B1-B44C-45F5-BF13-5F66F259FDF6}"
EndProject
Project("{FAE04EC0-301F-11D3-BF4B-00C04F79EFBC}") = "Dovs.FileSystemInteractor", "Dovs.FileSystemInteractor\Dovs.FileSystemInteractor.csproj", "{77393B01-F3FD-446A-A1F8-3835FE6CCB82}"
EndProject
Global
	GlobalSection(SolutionConfigurationPlatforms) = preSolution
		Debug|Any CPU = Debug|Any CPU
		Release|Any CPU = Release|Any CPU
	EndGlobalSection
	GlobalSection(ProjectConfigurationPlatforms) = postSolution
		{848690B1-B44C-45F5-BF13-5F66F259FDF6}.Debug|Any CPU.ActiveCfg = Debug|Any CPU
		{848690B1-B44C-45F5-BF13-5F66F259FDF6}.Debug|Any CPU.Build.0 = Debug|Any CPU
		{848690B1-B44C-45F5-BF13-5F66F259FDF6}.Release|Any CPU.ActiveCfg = Release|Any CPU
		{848690B1-B44C-45F5-BF13-5F66F259FDF6}.Release|Any CPU.Build.0 = Release|Any CPU
		{77393B01-F3FD-446A-A1F8-3835FE6CCB82}.Debug|Any CPU.ActiveCfg = Debug|Any CPU
		{77393B01-F3FD-446A-A1F8-3835FE6CCB82}.Debug|Any CPU.Build.0 = Debug|Any CPU
		{77393B01-F3FD-446A-A1F8-3835FE6CCB82}.Release|Any CPU.ActiveCfg = Release|Any CPU
		{77393B01-F3FD-446A-A1F8-3835FE6CCB82}.Release|Any CPU.Build.0 = Release|Any CPU
	EndGlobalSection
	GlobalSection(SolutionProperties) = preSolution
		HideSolutionNode = FALSE
	EndGlobalSection
	GlobalSection(ExtensibilityGlobals) = postSolution
		SolutionGuid = {984B97A8-6949-47C5-BB94-B7E1D839DEF7}
	EndGlobalSection
EndGlobal
